
Microsoft Visual Studio Solution File, Format Version 12.00
# Visual Studio Version 17
VisualStudioVersion = 17.14.36429.23 d17.14
MinimumVisualStudioVersion = 10.0.40219.1
Project("{FAE04EC0-301F-11D3-BF4B-00C04F79EFBC}") = "ListaPOOExerc01", "ListaPOOExerc01\ListaPOOExerc01.csproj", "{67357862-91F1-4B62-BA1D-471B3704BDD7}"
EndProject
Global
	GlobalSection(SolutionConfigurationPlatforms) = preSolution
		Debug|Any CPU = Debug|Any CPU
		Release|Any CPU = Release|Any CPU
	EndGlobalSection
	GlobalSection(ProjectConfigurationPlatforms) = postSolution
		{67357862-91F1-4B62-BA1D-471B3704BDD7}.Debug|Any CPU.ActiveCfg = Debug|Any CPU
		{67357862-91F1-4B62-BA1D-471B3704BDD7}.Debug|Any CPU.Build.0 = Debug|Any CPU
		{67357862-91F1-4B62-BA1D-471B3704BDD7}.Release|Any CPU.ActiveCfg = Release|Any CPU
		{67357862-91F1-4B62-BA1D-471B3704BDD7}.Release|Any CPU.Build.0 = Release|Any CPU
	EndGlobalSection
	GlobalSection(SolutionProperties) = preSolution
		HideSolutionNode = FALSE
	EndGlobalSection
	GlobalSection(ExtensibilityGlobals) = postSolution
		SolutionGuid = {8A7C09C3-0C5C-4F17-ADD1-6E5FD9CA604F}
	EndGlobalSection
EndGlobal
